
Microsoft Visual Studio Solution File, Format Version 12.00
# Visual Studio 15
VisualStudioVersion = 15.0.28307.489
MinimumVisualStudioVersion = 10.0.40219.1
Project("{FAE04EC0-301F-11D3-BF4B-00C04F79EFBC}") = "WpfApp_MVP", "WpfApp_MVP\WpfApp_MVP.csproj", "{C24A9D50-FF53-495C-8B05-47AF09974BAE}"
EndProject
Global
	GlobalSection(SolutionConfigurationPlatforms) = preSolution
		Debug|Any CPU = Debug|Any CPU
		Release|Any CPU = Release|Any CPU
	EndGlobalSection
	GlobalSection(ProjectConfigurationPlatforms) = postSolution
		{C24A9D50-FF53-495C-8B05-47AF09974BAE}.Debug|Any CPU.ActiveCfg = Debug|Any CPU
		{C24A9D50-FF53-495C-8B05-47AF09974BAE}.Debug|Any CPU.Build.0 = Debug|Any CPU
		{C24A9D50-FF53-495C-8B05-47AF09974BAE}.Release|Any CPU.ActiveCfg = Release|Any CPU
		{C24A9D50-FF53-495C-8B05-47AF09974BAE}.Release|Any CPU.Build.0 = Release|Any CPU
	EndGlobalSection
	GlobalSection(SolutionProperties) = preSolution
		HideSolutionNode = FALSE
	EndGlobalSection
	GlobalSection(ExtensibilityGlobals) = postSolution
		SolutionGuid = {AEAA85E7-7134-493A-89E2-F522C34DE08F}
	EndGlobalSection
EndGlobal
